// !$*UTF8*$!
{
	archiveVersion = 1;
	classes = {
	};
	objectVersion = 56;
	objects = {

/* Begin PBXBuildFile section */
		AF49E7E529A5E29D00A393AB /* AppDelegate.swift in Sources */ = {isa = PBXBuildFile; fileRef = AF49E7E429A5E29D00A393AB /* AppDelegate.swift */; };
		AF49E7E729A5E29D00A393AB /* SceneDelegate.swift in Sources */ = {isa = PBXBuildFile; fileRef = AF49E7E629A5E29D00A393AB /* SceneDelegate.swift */; };
		AF49E7E929A5E29D00A393AB /* ViewController.swift in Sources */ = {isa = PBXBuildFile; fileRef = AF49E7E829A5E29D00A393AB /* ViewController.swift */; };
		AF49E7EC29A5E29D00A393AB /* Main.storyboard in Resources */ = {isa = PBXBuildFile; fileRef = AF49E7EA29A5E29D00A393AB /* Main.storyboard */; };
		AF49E7EE29A5E29D00A393AB /* Assets.xcassets in Resources */ = {isa = PBXBuildFile; fileRef = AF49E7ED29A5E29D00A393AB /* Assets.xcassets */; };
		AF49E7F129A5E29D00A393AB /* LaunchScreen.storyboard in Resources */ = {isa = PBXBuildFile; fileRef = AF49E7EF29A5E29D00A393AB /* LaunchScreen.storyboard */; };
		AF49E7FC29A5E29E00A393AB /* DokoDokoTests.swift in Sources */ = {isa = PBXBuildFile; fileRef = AF49E7FB29A5E29E00A393AB /* DokoDokoTests.swift */; };
		AF49E80629A5E29E00A393AB /* DokoDokoUITests.swift in Sources */ = {isa = PBXBuildFile; fileRef = AF49E80529A5E29E00A393AB /* DokoDokoUITests.swift */; };
		AF49E80829A5E29E00A393AB /* DokoDokoUITestsLaunchTests.swift in Sources */ = {isa = PBXBuildFile; fileRef = AF49E80729A5E29E00A393AB /* DokoDokoUITestsLaunchTests.swift */; };
		EBD8990C29A5F5250001A24E /* GoogleService-Info.plist in Resources */ = {isa = PBXBuildFile; fileRef = EBD8990B29A5F5250001A24E /* GoogleService-Info.plist */; };
		EBD8990F29A5F7A30001A24E /* FirebaseAuth in Frameworks */ = {isa = PBXBuildFile; productRef = EBD8990E29A5F7A30001A24E /* FirebaseAuth */; };
		EBD8991129A5F7A30001A24E /* FirebaseFirestore in Frameworks */ = {isa = PBXBuildFile; productRef = EBD8991029A5F7A30001A24E /* FirebaseFirestore */; };
		EBD8991329A5F7A30001A24E /* FirebaseStorage in Frameworks */ = {isa = PBXBuildFile; productRef = EBD8991229A5F7A30001A24E /* FirebaseStorage */; };
		EBD8991529A5F8200001A24E /* AuthModel.swift in Sources */ = {isa = PBXBuildFile; fileRef = EBD8991429A5F8200001A24E /* AuthModel.swift */; };
/* End PBXBuildFile section */

/* Begin PBXContainerItemProxy section */
		AF49E7F829A5E29E00A393AB /* PBXContainerItemProxy */ = {
			isa = PBXContainerItemProxy;
			containerPortal = AF49E7D929A5E29D00A393AB /* Project object */;
			proxyType = 1;
			remoteGlobalIDString = AF49E7E029A5E29D00A393AB;
			remoteInfo = DokoDoko;
		};
		AF49E80229A5E29E00A393AB /* PBXContainerItemProxy */ = {
			isa = PBXContainerItemProxy;
			containerPortal = AF49E7D929A5E29D00A393AB /* Project object */;
			proxyType = 1;
			remoteGlobalIDString = AF49E7E029A5E29D00A393AB;
			remoteInfo = DokoDoko;
		};
/* End PBXContainerItemProxy section */

/* Begin PBXFileReference section */
		AF49E7E129A5E29D00A393AB /* DokoDoko.app */ = {isa = PBXFileReference; explicitFileType = wrapper.application; includeInIndex = 0; path = DokoDoko.app; sourceTree = BUILT_PRODUCTS_DIR; };
		AF49E7E429A5E29D00A393AB /* AppDelegate.swift */ = {isa = PBXFileReference; lastKnownFileType = sourcecode.swift; path = AppDelegate.swift; sourceTree = "<group>"; };
		AF49E7E629A5E29D00A393AB /* SceneDelegate.swift */ = {isa = PBXFileReference; lastKnownFileType = sourcecode.swift; path = SceneDelegate.swift; sourceTree = "<group>"; };
		AF49E7E829A5E29D00A393AB /* ViewController.swift */ = {isa = PBXFileReference; lastKnownFileType = sourcecode.swift; path = ViewController.swift; sourceTree = "<group>"; };
		AF49E7EB29A5E29D00A393AB /* Base */ = {isa = PBXFileReference; lastKnownFileType = file.storyboard; name = Base; path = Base.lproj/Main.storyboard; sourceTree = "<group>"; };
		AF49E7ED29A5E29D00A393AB /* Assets.xcassets */ = {isa = PBXFileReference; lastKnownFileType = folder.assetcatalog; path = Assets.xcassets; sourceTree = "<group>"; };
		AF49E7F029A5E29D00A393AB /* Base */ = {isa = PBXFileReference; lastKnownFileType = file.storyboard; name = Base; path = Base.lproj/LaunchScreen.storyboard; sourceTree = "<group>"; };
		AF49E7F229A5E29D00A393AB /* Info.plist */ = {isa = PBXFileReference; lastKnownFileType = text.plist.xml; path = Info.plist; sourceTree = "<group>"; };
		AF49E7F729A5E29E00A393AB /* DokoDokoTests.xctest */ = {isa = PBXFileReference; explicitFileType = wrapper.cfbundle; includeInIndex = 0; path = DokoDokoTests.xctest; sourceTree = BUILT_PRODUCTS_DIR; };
		AF49E7FB29A5E29E00A393AB /* DokoDokoTests.swift */ = {isa = PBXFileReference; lastKnownFileType = sourcecode.swift; path = DokoDokoTests.swift; sourceTree = "<group>"; };
		AF49E80129A5E29E00A393AB /* DokoDokoUITests.xctest */ = {isa = PBXFileReference; explicitFileType = wrapper.cfbundle; includeInIndex = 0; path = DokoDokoUITests.xctest; sourceTree = BUILT_PRODUCTS_DIR; };
		AF49E80529A5E29E00A393AB /* DokoDokoUITests.swift */ = {isa = PBXFileReference; lastKnownFileType = sourcecode.swift; path = DokoDokoUITests.swift; sourceTree = "<group>"; };
		AF49E80729A5E29E00A393AB /* DokoDokoUITestsLaunchTests.swift */ = {isa = PBXFileReference; lastKnownFileType = sourcecode.swift; path = DokoDokoUITestsLaunchTests.swift; sourceTree = "<group>"; };
		EBD8990B29A5F5250001A24E /* GoogleService-Info.plist */ = {isa = PBXFileReference; fileEncoding = 4; lastKnownFileType = text.plist.xml; path = "GoogleService-Info.plist"; sourceTree = "<group>"; };
		EBD8991429A5F8200001A24E /* AuthModel.swift */ = {isa = PBXFileReference; lastKnownFileType = sourcecode.swift; path = AuthModel.swift; sourceTree = "<group>"; };
/* End PBXFileReference section */

/* Begin PBXFrameworksBuildPhase section */
		AF49E7DE29A5E29D00A393AB /* Frameworks */ = {
			isa = PBXFrameworksBuildPhase;
			buildActionMask = 2147483647;
			files = (
				EBD8990F29A5F7A30001A24E /* FirebaseAuth in Frameworks */,
				EBD8991129A5F7A30001A24E /* FirebaseFirestore in Frameworks */,
				EBD8991329A5F7A30001A24E /* FirebaseStorage in Frameworks */,
			);
			runOnlyForDeploymentPostprocessing = 0;
		};
		AF49E7F429A5E29E00A393AB /* Frameworks */ = {
			isa = PBXFrameworksBuildPhase;
			buildActionMask = 2147483647;
			files = (
			);
			runOnlyForDeploymentPostprocessing = 0;
		};
		AF49E7FE29A5E29E00A393AB /* Frameworks */ = {
			isa = PBXFrameworksBuildPhase;
			buildActionMask = 2147483647;
			files = (
			);
			runOnlyForDeploymentPostprocessing = 0;
		};
/* End PBXFrameworksBuildPhase section */

/* Begin PBXGroup section */
		AF49E7D829A5E29D00A393AB = {
			isa = PBXGroup;
			children = (
				AF49E7E329A5E29D00A393AB /* DokoDoko */,
				AF49E7FA29A5E29E00A393AB /* DokoDokoTests */,
				AF49E80429A5E29E00A393AB /* DokoDokoUITests */,
				AF49E7E229A5E29D00A393AB /* Products */,
			);
			sourceTree = "<group>";
		};
		AF49E7E229A5E29D00A393AB /* Products */ = {
			isa = PBXGroup;
			children = (
				AF49E7E129A5E29D00A393AB /* DokoDoko.app */,
				AF49E7F729A5E29E00A393AB /* DokoDokoTests.xctest */,
				AF49E80129A5E29E00A393AB /* DokoDokoUITests.xctest */,
			);
			name = Products;
			sourceTree = "<group>";
		};
		AF49E7E329A5E29D00A393AB /* DokoDoko */ = {
			isa = PBXGroup;
			children = (
				AF49E7E429A5E29D00A393AB /* AppDelegate.swift */,
				AF49E7E629A5E29D00A393AB /* SceneDelegate.swift */,
				AF49E7E829A5E29D00A393AB /* ViewController.swift */,
				EBD8991629A5F8250001A24E /* Model */,
				AF49E7EA29A5E29D00A393AB /* Main.storyboard */,
				AF49E7ED29A5E29D00A393AB /* Assets.xcassets */,
				AF49E7EF29A5E29D00A393AB /* LaunchScreen.storyboard */,
				AF49E7F229A5E29D00A393AB /* Info.plist */,
				EBD8990B29A5F5250001A24E /* GoogleService-Info.plist */,
			);
			path = DokoDoko;
			sourceTree = "<group>";
		};
		AF49E7FA29A5E29E00A393AB /* DokoDokoTests */ = {
			isa = PBXGroup;
			children = (
				AF49E7FB29A5E29E00A393AB /* DokoDokoTests.swift */,
			);
			path = DokoDokoTests;
			sourceTree = "<group>";
		};
		AF49E80429A5E29E00A393AB /* DokoDokoUITests */ = {
			isa = PBXGroup;
			children = (
				AF49E80529A5E29E00A393AB /* DokoDokoUITests.swift */,
				AF49E80729A5E29E00A393AB /* DokoDokoUITestsLaunchTests.swift */,
			);
			path = DokoDokoUITests;
			sourceTree = "<group>";
		};
		EBD8991629A5F8250001A24E /* Model */ = {
			isa = PBXGroup;
			children = (
				EBD8991429A5F8200001A24E /* AuthModel.swift */,
			);
			path = Model;
			sourceTree = "<group>";
		};
/* End PBXGroup section */

/* Begin PBXNativeTarget section */
		AF49E7E029A5E29D00A393AB /* DokoDoko */ = {
			isa = PBXNativeTarget;
			buildConfigurationList = AF49E80B29A5E29E00A393AB /* Build configuration list for PBXNativeTarget "DokoDoko" */;
			buildPhases = (
				AF49E7DD29A5E29D00A393AB /* Sources */,
				AF49E7DE29A5E29D00A393AB /* Frameworks */,
				AF49E7DF29A5E29D00A393AB /* Resources */,
			);
			buildRules = (
			);
			dependencies = (
			);
			name = DokoDoko;
			packageProductDependencies = (
				EBD8990E29A5F7A30001A24E /* FirebaseAuth */,
				EBD8991029A5F7A30001A24E /* FirebaseFirestore */,
				EBD8991229A5F7A30001A24E /* FirebaseStorage */,
			);
			productName = DokoDoko;
			productReference = AF49E7E129A5E29D00A393AB /* DokoDoko.app */;
			productType = "com.apple.product-type.application";
		};
		AF49E7F629A5E29E00A393AB /* DokoDokoTests */ = {
			isa = PBXNativeTarget;
			buildConfigurationList = AF49E80E29A5E29E00A393AB /* Build configuration list for PBXNativeTarget "DokoDokoTests" */;
			buildPhases = (
				AF49E7F329A5E29E00A393AB /* Sources */,
				AF49E7F429A5E29E00A393AB /* Frameworks */,
				AF49E7F529A5E29E00A393AB /* Resources */,
			);
			buildRules = (
			);
			dependencies = (
				AF49E7F929A5E29E00A393AB /* PBXTargetDependency */,
			);
			name = DokoDokoTests;
			productName = DokoDokoTests;
			productReference = AF49E7F729A5E29E00A393AB /* DokoDokoTests.xctest */;
			productType = "com.apple.product-type.bundle.unit-test";
		};
		AF49E80029A5E29E00A393AB /* DokoDokoUITests */ = {
			isa = PBXNativeTarget;
			buildConfigurationList = AF49E81129A5E29E00A393AB /* Build configuration list for PBXNativeTarget "DokoDokoUITests" */;
			buildPhases = (
				AF49E7FD29A5E29E00A393AB /* Sources */,
				AF49E7FE29A5E29E00A393AB /* Frameworks */,
				AF49E7FF29A5E29E00A393AB /* Resources */,
			);
			buildRules = (
			);
			dependencies = (
				AF49E80329A5E29E00A393AB /* PBXTargetDependency */,
			);
			name = DokoDokoUITests;
			productName = DokoDokoUITests;
			productReference = AF49E80129A5E29E00A393AB /* DokoDokoUITests.xctest */;
			productType = "com.apple.product-type.bundle.ui-testing";
		};
/* End PBXNativeTarget section */

/* Begin PBXProject section */
		AF49E7D929A5E29D00A393AB /* Project object */ = {
			isa = PBXProject;
			attributes = {
				BuildIndependentTargetsInParallel = 1;
				LastSwiftUpdateCheck = 1420;
				LastUpgradeCheck = 1420;
				TargetAttributes = {
					AF49E7E029A5E29D00A393AB = {
						CreatedOnToolsVersion = 14.2;
					};
					AF49E7F629A5E29E00A393AB = {
						CreatedOnToolsVersion = 14.2;
						TestTargetID = AF49E7E029A5E29D00A393AB;
					};
					AF49E80029A5E29E00A393AB = {
						CreatedOnToolsVersion = 14.2;
						TestTargetID = AF49E7E029A5E29D00A393AB;
					};
				};
			};
			buildConfigurationList = AF49E7DC29A5E29D00A393AB /* Build configuration list for PBXProject "DokoDoko" */;
			compatibilityVersion = "Xcode 14.0";
			developmentRegion = en;
			hasScannedForEncodings = 0;
			knownRegions = (
				en,
				Base,
			);
			mainGroup = AF49E7D829A5E29D00A393AB;
			packageReferences = (
				EBD8990D29A5F7A30001A24E /* XCRemoteSwiftPackageReference "firebase-ios-sdk" */,
			);
			productRefGroup = AF49E7E229A5E29D00A393AB /* Products */;
			projectDirPath = "";
			projectRoot = "";
			targets = (
				AF49E7E029A5E29D00A393AB /* DokoDoko */,
				AF49E7F629A5E29E00A393AB /* DokoDokoTests */,
				AF49E80029A5E29E00A393AB /* DokoDokoUITests */,
			);
		};
/* End PBXProject section */

/* Begin PBXResourcesBuildPhase section */
		AF49E7DF29A5E29D00A393AB /* Resources */ = {
			isa = PBXResourcesBuildPhase;
			buildActionMask = 2147483647;
			files = (
				AF49E7F129A5E29D00A393AB /* LaunchScreen.storyboard in Resources */,
				AF49E7EE29A5E29D00A393AB /* Assets.xcassets in Resources */,
				AF49E7EC29A5E29D00A393AB /* Main.storyboard in Resources */,
			);
			runOnlyForDeploymentPostprocessing = 0;
		};
		AF49E7F529A5E29E00A393AB /* Resources */ = {
			isa = PBXResourcesBuildPhase;
			buildActionMask = 2147483647;
			files = (
			);
			runOnlyForDeploymentPostprocessing = 0;
		};
		AF49E7FF29A5E29E00A393AB /* Resources */ = {
			isa = PBXResourcesBuildPhase;
			buildActionMask = 2147483647;
			files = (
				EBD8990C29A5F5250001A24E /* GoogleService-Info.plist in Resources */,
			);
			runOnlyForDeploymentPostprocessing = 0;
		};
/* End PBXResourcesBuildPhase section */

/* Begin PBXSourcesBuildPhase section */
		AF49E7DD29A5E29D00A393AB /* Sources */ = {
			isa = PBXSourcesBuildPhase;
			buildActionMask = 2147483647;
			files = (
				AF49E7E929A5E29D00A393AB /* ViewController.swift in Sources */,
				AF49E7E529A5E29D00A393AB /* AppDelegate.swift in Sources */,
				AF49E7E729A5E29D00A393AB /* SceneDelegate.swift in Sources */,
				EBD8991529A5F8200001A24E /* AuthModel.swift in Sources */,
			);
			runOnlyForDeploymentPostprocessing = 0;
		};
		AF49E7F329A5E29E00A393AB /* Sources */ = {
			isa = PBXSourcesBuildPhase;
			buildActionMask = 2147483647;
			files = (
				AF49E7FC29A5E29E00A393AB /* DokoDokoTests.swift in Sources */,
			);
			runOnlyForDeploymentPostprocessing = 0;
		};
		AF49E7FD29A5E29E00A393AB /* Sources */ = {
			isa = PBXSourcesBuildPhase;
			buildActionMask = 2147483647;
			files = (
				AF49E80829A5E29E00A393AB /* DokoDokoUITestsLaunchTests.swift in Sources */,
				AF49E80629A5E29E00A393AB /* DokoDokoUITests.swift in Sources */,
			);
			runOnlyForDeploymentPostprocessing = 0;
		};
/* End PBXSourcesBuildPhase section */

/* Begin PBXTargetDependency section */
		AF49E7F929A5E29E00A393AB /* PBXTargetDependency */ = {
			isa = PBXTargetDependency;
			target = AF49E7E029A5E29D00A393AB /* DokoDoko */;
			targetProxy = AF49E7F829A5E29E00A393AB /* PBXContainerItemProxy */;
		};
		AF49E80329A5E29E00A393AB /* PBXTargetDependency */ = {
			isa = PBXTargetDependency;
			target = AF49E7E029A5E29D00A393AB /* DokoDoko */;
			targetProxy = AF49E80229A5E29E00A393AB /* PBXContainerItemProxy */;
		};
/* End PBXTargetDependency section */

/* Begin PBXVariantGroup section */
		AF49E7EA29A5E29D00A393AB /* Main.storyboard */ = {
			isa = PBXVariantGroup;
			children = (
				AF49E7EB29A5E29D00A393AB /* Base */,
			);
			name = Main.storyboard;
			sourceTree = "<group>";
		};
		AF49E7EF29A5E29D00A393AB /* LaunchScreen.storyboard */ = {
			isa = PBXVariantGroup;
			children = (
				AF49E7F029A5E29D00A393AB /* Base */,
			);
			name = LaunchScreen.storyboard;
			sourceTree = "<group>";
		};
/* End PBXVariantGroup section */

/* Begin XCBuildConfiguration section */
		AF49E80929A5E29E00A393AB /* Debug */ = {
			isa = XCBuildConfiguration;
			buildSettings = {
				ALWAYS_SEARCH_USER_PATHS = NO;
				CLANG_ANALYZER_NONNULL = YES;
				CLANG_ANALYZER_NUMBER_OBJECT_CONVERSION = YES_AGGRESSIVE;
				CLANG_CXX_LANGUAGE_STANDARD = "gnu++20";
				CLANG_ENABLE_MODULES = YES;
				CLANG_ENABLE_OBJC_ARC = YES;
				CLANG_ENABLE_OBJC_WEAK = YES;
				CLANG_WARN_BLOCK_CAPTURE_AUTORELEASING = YES;
				CLANG_WARN_BOOL_CONVERSION = YES;
				CLANG_WARN_COMMA = YES;
				CLANG_WARN_CONSTANT_CONVERSION = YES;
				CLANG_WARN_DEPRECATED_OBJC_IMPLEMENTATIONS = YES;
				CLANG_WARN_DIRECT_OBJC_ISA_USAGE = YES_ERROR;
				CLANG_WARN_DOCUMENTATION_COMMENTS = YES;
				CLANG_WARN_EMPTY_BODY = YES;
				CLANG_WARN_ENUM_CONVERSION = YES;
				CLANG_WARN_INFINITE_RECURSION = YES;
				CLANG_WARN_INT_CONVERSION = YES;
				CLANG_WARN_NON_LITERAL_NULL_CONVERSION = YES;
				CLANG_WARN_OBJC_IMPLICIT_RETAIN_SELF = YES;
				CLANG_WARN_OBJC_LITERAL_CONVERSION = YES;
				CLANG_WARN_OBJC_ROOT_CLASS = YES_ERROR;
				CLANG_WARN_QUOTED_INCLUDE_IN_FRAMEWORK_HEADER = YES;
				CLANG_WARN_RANGE_LOOP_ANALYSIS = YES;
				CLANG_WARN_STRICT_PROTOTYPES = YES;
				CLANG_WARN_SUSPICIOUS_MOVE = YES;
				CLANG_WARN_UNGUARDED_AVAILABILITY = YES_AGGRESSIVE;
				CLANG_WARN_UNREACHABLE_CODE = YES;
				CLANG_WARN__DUPLICATE_METHOD_MATCH = YES;
				COPY_PHASE_STRIP = NO;
				DEBUG_INFORMATION_FORMAT = dwarf;
				ENABLE_STRICT_OBJC_MSGSEND = YES;
				ENABLE_TESTABILITY = YES;
				GCC_C_LANGUAGE_STANDARD = gnu11;
				GCC_DYNAMIC_NO_PIC = NO;
				GCC_NO_COMMON_BLOCKS = YES;
				GCC_OPTIMIZATION_LEVEL = 0;
				GCC_PREPROCESSOR_DEFINITIONS = (
					"DEBUG=1",
					"$(inherited)",
				);
				GCC_WARN_64_TO_32_BIT_CONVERSION = YES;
				GCC_WARN_ABOUT_RETURN_TYPE = YES_ERROR;
				GCC_WARN_UNDECLARED_SELECTOR = YES;
				GCC_WARN_UNINITIALIZED_AUTOS = YES_AGGRESSIVE;
				GCC_WARN_UNUSED_FUNCTION = YES;
				GCC_WARN_UNUSED_VARIABLE = YES;
				IPHONEOS_DEPLOYMENT_TARGET = 16.2;
				MTL_ENABLE_DEBUG_INFO = INCLUDE_SOURCE;
				MTL_FAST_MATH = YES;
				ONLY_ACTIVE_ARCH = YES;
				SDKROOT = iphoneos;
				SWIFT_ACTIVE_COMPILATION_CONDITIONS = DEBUG;
				SWIFT_OPTIMIZATION_LEVEL = "-Onone";
			};
			name = Debug;
		};
		AF49E80A29A5E29E00A393AB /* Release */ = {
			isa = XCBuildConfiguration;
			buildSettings = {
				ALWAYS_SEARCH_USER_PATHS = NO;
				CLANG_ANALYZER_NONNULL = YES;
				CLANG_ANALYZER_NUMBER_OBJECT_CONVERSION = YES_AGGRESSIVE;
				CLANG_CXX_LANGUAGE_STANDARD = "gnu++20";
				CLANG_ENABLE_MODULES = YES;
				CLANG_ENABLE_OBJC_ARC = YES;
				CLANG_ENABLE_OBJC_WEAK = YES;
				CLANG_WARN_BLOCK_CAPTURE_AUTORELEASING = YES;
				CLANG_WARN_BOOL_CONVERSION = YES;
				CLANG_WARN_COMMA = YES;
				CLANG_WARN_CONSTANT_CONVERSION = YES;
				CLANG_WARN_DEPRECATED_OBJC_IMPLEMENTATIONS = YES;
				CLANG_WARN_DIRECT_OBJC_ISA_USAGE = YES_ERROR;
				CLANG_WARN_DOCUMENTATION_COMMENTS = YES;
				CLANG_WARN_EMPTY_BODY = YES;
				CLANG_WARN_ENUM_CONVERSION = YES;
				CLANG_WARN_INFINITE_RECURSION = YES;
				CLANG_WARN_INT_CONVERSION = YES;
				CLANG_WARN_NON_LITERAL_NULL_CONVERSION = YES;
				CLANG_WARN_OBJC_IMPLICIT_RETAIN_SELF = YES;
				CLANG_WARN_OBJC_LITERAL_CONVERSION = YES;
				CLANG_WARN_OBJC_ROOT_CLASS = YES_ERROR;
				CLANG_WARN_QUOTED_INCLUDE_IN_FRAMEWORK_HEADER = YES;
				CLANG_WARN_RANGE_LOOP_ANALYSIS = YES;
				CLANG_WARN_STRICT_PROTOTYPES = YES;
				CLANG_WARN_SUSPICIOUS_MOVE = YES;
				CLANG_WARN_UNGUARDED_AVAILABILITY = YES_AGGRESSIVE;
				CLANG_WARN_UNREACHABLE_CODE = YES;
				CLANG_WARN__DUPLICATE_METHOD_MATCH = YES;
				COPY_PHASE_STRIP = NO;
				DEBUG_INFORMATION_FORMAT = "dwarf-with-dsym";
				ENABLE_NS_ASSERTIONS = NO;
				ENABLE_STRICT_OBJC_MSGSEND = YES;
				GCC_C_LANGUAGE_STANDARD = gnu11;
				GCC_NO_COMMON_BLOCKS = YES;
				GCC_WARN_64_TO_32_BIT_CONVERSION = YES;
				GCC_WARN_ABOUT_RETURN_TYPE = YES_ERROR;
				GCC_WARN_UNDECLARED_SELECTOR = YES;
				GCC_WARN_UNINITIALIZED_AUTOS = YES_AGGRESSIVE;
				GCC_WARN_UNUSED_FUNCTION = YES;
				GCC_WARN_UNUSED_VARIABLE = YES;
				IPHONEOS_DEPLOYMENT_TARGET = 16.2;
				MTL_ENABLE_DEBUG_INFO = NO;
				MTL_FAST_MATH = YES;
				SDKROOT = iphoneos;
				SWIFT_COMPILATION_MODE = wholemodule;
				SWIFT_OPTIMIZATION_LEVEL = "-O";
				VALIDATE_PRODUCT = YES;
			};
			name = Release;
		};
		AF49E80C29A5E29E00A393AB /* Debug */ = {
			isa = XCBuildConfiguration;
			buildSettings = {
				ASSETCATALOG_COMPILER_APPICON_NAME = AppIcon;
				ASSETCATALOG_COMPILER_GLOBAL_ACCENT_COLOR_NAME = AccentColor;
				CODE_SIGN_STYLE = Automatic;
				CURRENT_PROJECT_VERSION = 1;
				DEVELOPMENT_TEAM = 5VXR3TJUR7;
				GENERATE_INFOPLIST_FILE = YES;
				INFOPLIST_FILE = DokoDoko/Info.plist;
				INFOPLIST_KEY_UIApplicationSupportsIndirectInputEvents = YES;
				INFOPLIST_KEY_UILaunchStoryboardName = LaunchScreen;
				INFOPLIST_KEY_UIMainStoryboardFile = Main;
				INFOPLIST_KEY_UISupportedInterfaceOrientations_iPad = "UIInterfaceOrientationPortrait UIInterfaceOrientationPortraitUpsideDown UIInterfaceOrientationLandscapeLeft UIInterfaceOrientationLandscapeRight";
				INFOPLIST_KEY_UISupportedInterfaceOrientations_iPhone = "UIInterfaceOrientationPortrait UIInterfaceOrientationLandscapeLeft UIInterfaceOrientationLandscapeRight";
				IPHONEOS_DEPLOYMENT_TARGET = 16.0;
				LD_RUNPATH_SEARCH_PATHS = (
					"$(inherited)",
					"@executable_path/Frameworks",
				);
				MARKETING_VERSION = 1.0;
				PRODUCT_BUNDLE_IDENTIFIER = app.segawa.setyann.DokoDoko;
				PRODUCT_NAME = "$(TARGET_NAME)";
				SWIFT_EMIT_LOC_STRINGS = YES;
				SWIFT_VERSION = 5.0;
				TARGETED_DEVICE_FAMILY = "1,2";
			};
			name = Debug;
		};
		AF49E80D29A5E29E00A393AB /* Release */ = {
			isa = XCBuildConfiguration;
			buildSettings = {
				ASSETCATALOG_COMPILER_APPICON_NAME = AppIcon;
				ASSETCATALOG_COMPILER_GLOBAL_ACCENT_COLOR_NAME = AccentColor;
				CODE_SIGN_STYLE = Automatic;
				CURRENT_PROJECT_VERSION = 1;
				DEVELOPMENT_TEAM = 5VXR3TJUR7;
				GENERATE_INFOPLIST_FILE = YES;
				INFOPLIST_FILE = DokoDoko/Info.plist;
				INFOPLIST_KEY_UIApplicationSupportsIndirectInputEvents = YES;
				INFOPLIST_KEY_UILaunchStoryboardName = LaunchScreen;
				INFOPLIST_KEY_UIMainStoryboardFile = Main;
				INFOPLIST_KEY_UISupportedInterfaceOrientations_iPad = "UIInterfaceOrientationPortrait UIInterfaceOrientationPortraitUpsideDown UIInterfaceOrientationLandscapeLeft UIInterfaceOrientationLandscapeRight";
				INFOPLIST_KEY_UISupportedInterfaceOrientations_iPhone = "UIInterfaceOrientationPortrait UIInterfaceOrientationLandscapeLeft UIInterfaceOrientationLandscapeRight";
				IPHONEOS_DEPLOYMENT_TARGET = 16.0;
				LD_RUNPATH_SEARCH_PATHS = (
					"$(inherited)",
					"@executable_path/Frameworks",
				);
				MARKETING_VERSION = 1.0;
				PRODUCT_BUNDLE_IDENTIFIER = app.segawa.setyann.DokoDoko;
				PRODUCT_NAME = "$(TARGET_NAME)";
				SWIFT_EMIT_LOC_STRINGS = YES;
				SWIFT_VERSION = 5.0;
				TARGETED_DEVICE_FAMILY = "1,2";
			};
			name = Release;
		};
		AF49E80F29A5E29E00A393AB /* Debug */ = {
			isa = XCBuildConfiguration;
			buildSettings = {
				ALWAYS_EMBED_SWIFT_STANDARD_LIBRARIES = YES;
				BUNDLE_LOADER = "$(TEST_HOST)";
				CODE_SIGN_STYLE = Automatic;
				CURRENT_PROJECT_VERSION = 1;
				DEVELOPMENT_TEAM = DLGM554ZJT;
				GENERATE_INFOPLIST_FILE = YES;
				IPHONEOS_DEPLOYMENT_TARGET = 16.2;
				MARKETING_VERSION = 1.0;
				PRODUCT_BUNDLE_IDENTIFIER = app.segawa.setyann.DokoDokoTests;
				PRODUCT_NAME = "$(TARGET_NAME)";
				SWIFT_EMIT_LOC_STRINGS = NO;
				SWIFT_VERSION = 5.0;
				TARGETED_DEVICE_FAMILY = "1,2";
				TEST_HOST = "$(BUILT_PRODUCTS_DIR)/DokoDoko.app/$(BUNDLE_EXECUTABLE_FOLDER_PATH)/DokoDoko";
			};
			name = Debug;
		};
		AF49E81029A5E29E00A393AB /* Release */ = {
			isa = XCBuildConfiguration;
			buildSettings = {
				ALWAYS_EMBED_SWIFT_STANDARD_LIBRARIES = YES;
				BUNDLE_LOADER = "$(TEST_HOST)";
				CODE_SIGN_STYLE = Automatic;
				CURRENT_PROJECT_VERSION = 1;
				DEVELOPMENT_TEAM = DLGM554ZJT;
				GENERATE_INFOPLIST_FILE = YES;
				IPHONEOS_DEPLOYMENT_TARGET = 16.2;
				MARKETING_VERSION = 1.0;
				PRODUCT_BUNDLE_IDENTIFIER = app.segawa.setyann.DokoDokoTests;
				PRODUCT_NAME = "$(TARGET_NAME)";
				SWIFT_EMIT_LOC_STRINGS = NO;
				SWIFT_VERSION = 5.0;
				TARGETED_DEVICE_FAMILY = "1,2";
				TEST_HOST = "$(BUILT_PRODUCTS_DIR)/DokoDoko.app/$(BUNDLE_EXECUTABLE_FOLDER_PATH)/DokoDoko";
			};
			name = Release;
		};
		AF49E81229A5E29E00A393AB /* Debug */ = {
			isa = XCBuildConfiguration;
			buildSettings = {
				ALWAYS_EMBED_SWIFT_STANDARD_LIBRARIES = YES;
				CODE_SIGN_STYLE = Automatic;
				CURRENT_PROJECT_VERSION = 1;
				DEVELOPMENT_TEAM = DLGM554ZJT;
				GENERATE_INFOPLIST_FILE = YES;
				MARKETING_VERSION = 1.0;
				PRODUCT_BUNDLE_IDENTIFIER = app.segawa.setyann.DokoDokoUITests;
				PRODUCT_NAME = "$(TARGET_NAME)";
				SWIFT_EMIT_LOC_STRINGS = NO;
				SWIFT_VERSION = 5.0;
				TARGETED_DEVICE_FAMILY = "1,2";
				TEST_TARGET_NAME = DokoDoko;
			};
			name = Debug;
		};
		AF49E81329A5E29E00A393AB /* Release */ = {
			isa = XCBuildConfiguration;
			buildSettings = {
				ALWAYS_EMBED_SWIFT_STANDARD_LIBRARIES = YES;
				CODE_SIGN_STYLE = Automatic;
				CURRENT_PROJECT_VERSION = 1;
				DEVELOPMENT_TEAM = DLGM554ZJT;
				GENERATE_INFOPLIST_FILE = YES;
				MARKETING_VERSION = 1.0;
				PRODUCT_BUNDLE_IDENTIFIER = app.segawa.setyann.DokoDokoUITests;
				PRODUCT_NAME = "$(TARGET_NAME)";
				SWIFT_EMIT_LOC_STRINGS = NO;
				SWIFT_VERSION = 5.0;
				TARGETED_DEVICE_FAMILY = "1,2";
				TEST_TARGET_NAME = DokoDoko;
			};
			name = Release;
		};
/* End XCBuildConfiguration section */

/* Begin XCConfigurationList section */
		AF49E7DC29A5E29D00A393AB /* Build configuration list for PBXProject "DokoDoko" */ = {
			isa = XCConfigurationList;
			buildConfigurations = (
				AF49E80929A5E29E00A393AB /* Debug */,
				AF49E80A29A5E29E00A393AB /* Release */,
			);
			defaultConfigurationIsVisible = 0;
			defaultConfigurationName = Release;
		};
		AF49E80B29A5E29E00A393AB /* Build configuration list for PBXNativeTarget "DokoDoko" */ = {
			isa = XCConfigurationList;
			buildConfigurations = (
				AF49E80C29A5E29E00A393AB /* Debug */,
				AF49E80D29A5E29E00A393AB /* Release */,
			);
			defaultConfigurationIsVisible = 0;
			defaultConfigurationName = Release;
		};
		AF49E80E29A5E29E00A393AB /* Build configuration list for PBXNativeTarget "DokoDokoTests" */ = {
			isa = XCConfigurationList;
			buildConfigurations = (
				AF49E80F29A5E29E00A393AB /* Debug */,
				AF49E81029A5E29E00A393AB /* Release */,
			);
			defaultConfigurationIsVisible = 0;
			defaultConfigurationName = Release;
		};
		AF49E81129A5E29E00A393AB /* Build configuration list for PBXNativeTarget "DokoDokoUITests" */ = {
			isa = XCConfigurationList;
			buildConfigurations = (
				AF49E81229A5E29E00A393AB /* Debug */,
				AF49E81329A5E29E00A393AB /* Release */,
			);
			defaultConfigurationIsVisible = 0;
			defaultConfigurationName = Release;
		};
/* End XCConfigurationList section */

/* Begin XCRemoteSwiftPackageReference section */
		EBD8990D29A5F7A30001A24E /* XCRemoteSwiftPackageReference "firebase-ios-sdk" */ = {
			isa = XCRemoteSwiftPackageReference;
			repositoryURL = "https://github.com/firebase/firebase-ios-sdk";
			requirement = {
				kind = upToNextMajorVersion;
				minimumVersion = 9.0.0;
			};
		};
/* End XCRemoteSwiftPackageReference section */

/* Begin XCSwiftPackageProductDependency section */
		EBD8990E29A5F7A30001A24E /* FirebaseAuth */ = {
			isa = XCSwiftPackageProductDependency;
			package = EBD8990D29A5F7A30001A24E /* XCRemoteSwiftPackageReference "firebase-ios-sdk" */;
			productName = FirebaseAuth;
		};
		EBD8991029A5F7A30001A24E /* FirebaseFirestore */ = {
			isa = XCSwiftPackageProductDependency;
			package = EBD8990D29A5F7A30001A24E /* XCRemoteSwiftPackageReference "firebase-ios-sdk" */;
			productName = FirebaseFirestore;
		};
		EBD8991229A5F7A30001A24E /* FirebaseStorage */ = {
			isa = XCSwiftPackageProductDependency;
			package = EBD8990D29A5F7A30001A24E /* XCRemoteSwiftPackageReference "firebase-ios-sdk" */;
			productName = FirebaseStorage;
		};
/* End XCSwiftPackageProductDependency section */
	};
	rootObject = AF49E7D929A5E29D00A393AB /* Project object */;
}
